
Microsoft Visual Studio Solution File, Format Version 12.00
# Visual Studio Version 16
VisualStudioVersion = 16.0.29905.134
MinimumVisualStudioVersion = 10.0.40219.1
Project("{FAE04EC0-301F-11D3-BF4B-00C04F79EFBC}") = "OnlineShop", "OnlineShop\OnlineShop.csproj", "{37569EB8-D9DD-43B4-963A-7B73193B1BAF}"
EndProject
Project("{FAE04EC0-301F-11D3-BF4B-00C04F79EFBC}") = "OnlineShop.Test", "OnlineShop.Test\OnlineShop.Test.csproj", "{6C3EF192-62B5-4EE5-81E9-74276B3ED1B4}"
EndProject
Global
	GlobalSection(SolutionConfigurationPlatforms) = preSolution
		Debug|Any CPU = Debug|Any CPU
		Release|Any CPU = Release|Any CPU
	EndGlobalSection
	GlobalSection(ProjectConfigurationPlatforms) = postSolution
		{37569EB8-D9DD-43B4-963A-7B73193B1BAF}.Debug|Any CPU.ActiveCfg = Debug|Any CPU
		{37569EB8-D9DD-43B4-963A-7B73193B1BAF}.Debug|Any CPU.Build.0 = Debug|Any CPU
		{37569EB8-D9DD-43B4-963A-7B73193B1BAF}.Release|Any CPU.ActiveCfg = Release|Any CPU
		{37569EB8-D9DD-43B4-963A-7B73193B1BAF}.Release|Any CPU.Build.0 = Release|Any CPU
		{6C3EF192-62B5-4EE5-81E9-74276B3ED1B4}.Debug|Any CPU.ActiveCfg = Debug|Any CPU
		{6C3EF192-62B5-4EE5-81E9-74276B3ED1B4}.Debug|Any CPU.Build.0 = Debug|Any CPU
		{6C3EF192-62B5-4EE5-81E9-74276B3ED1B4}.Release|Any CPU.ActiveCfg = Release|Any CPU
		{6C3EF192-62B5-4EE5-81E9-74276B3ED1B4}.Release|Any CPU.Build.0 = Release|Any CPU
	EndGlobalSection
	GlobalSection(SolutionProperties) = preSolution
		HideSolutionNode = FALSE
	EndGlobalSection
	GlobalSection(ExtensibilityGlobals) = postSolution
		SolutionGuid = {75B68252-8F0E-4D05-906A-7AB635B5D8C2}
	EndGlobalSection
EndGlobal
