
Microsoft Visual Studio Solution File, Format Version 12.00
# Visual Studio Version 16
VisualStudioVersion = 16.0.29905.134
MinimumVisualStudioVersion = 10.0.40219.1
Project("{FAE04EC0-301F-11D3-BF4B-00C04F79EFBC}") = "UnitTest", "UnitTest\UnitTest.csproj", "{051D614A-B525-4EE7-89DF-35FD345125E4}"
EndProject
Project("{FAE04EC0-301F-11D3-BF4B-00C04F79EFBC}") = "DemoTest", "DemoTest\DemoTest.csproj", "{2839F40C-62B5-468E-849A-B35231D99BA1}"
EndProject
Global
	GlobalSection(SolutionConfigurationPlatforms) = preSolution
		Debug|Any CPU = Debug|Any CPU
		Release|Any CPU = Release|Any CPU
	EndGlobalSection
	GlobalSection(ProjectConfigurationPlatforms) = postSolution
		{051D614A-B525-4EE7-89DF-35FD345125E4}.Debug|Any CPU.ActiveCfg = Debug|Any CPU
		{051D614A-B525-4EE7-89DF-35FD345125E4}.Debug|Any CPU.Build.0 = Debug|Any CPU
		{051D614A-B525-4EE7-89DF-35FD345125E4}.Release|Any CPU.ActiveCfg = Release|Any CPU
		{051D614A-B525-4EE7-89DF-35FD345125E4}.Release|Any CPU.Build.0 = Release|Any CPU
		{2839F40C-62B5-468E-849A-B35231D99BA1}.Debug|Any CPU.ActiveCfg = Debug|Any CPU
		{2839F40C-62B5-468E-849A-B35231D99BA1}.Debug|Any CPU.Build.0 = Debug|Any CPU
		{2839F40C-62B5-468E-849A-B35231D99BA1}.Release|Any CPU.ActiveCfg = Release|Any CPU
		{2839F40C-62B5-468E-849A-B35231D99BA1}.Release|Any CPU.Build.0 = Release|Any CPU
	EndGlobalSection
	GlobalSection(SolutionProperties) = preSolution
		HideSolutionNode = FALSE
	EndGlobalSection
	GlobalSection(ExtensibilityGlobals) = postSolution
		SolutionGuid = {C698A44B-C27A-4F41-86A3-B753ED87A59A}
	EndGlobalSection
EndGlobal
